
Microsoft Visual Studio Solution File, Format Version 12.00
# Visual Studio Version 16
VisualStudioVersion = 16.0.29926.136
MinimumVisualStudioVersion = 10.0.40219.1
Project("{FAE04EC0-301F-11D3-BF4B-00C04F79EFBC}") = "BootStrapMVCDev", "BootStrapMVCDev.csproj", "{5653CE0D-2DED-441F-BD64-336B99CF895A}"
EndProject
Global
	GlobalSection(SolutionConfigurationPlatforms) = preSolution
		Debug|Any CPU = Debug|Any CPU
		Release|Any CPU = Release|Any CPU
	EndGlobalSection
	GlobalSection(ProjectConfigurationPlatforms) = postSolution
		{5653CE0D-2DED-441F-BD64-336B99CF895A}.Debug|Any CPU.ActiveCfg = Debug|Any CPU
		{5653CE0D-2DED-441F-BD64-336B99CF895A}.Debug|Any CPU.Build.0 = Debug|Any CPU
		{5653CE0D-2DED-441F-BD64-336B99CF895A}.Release|Any CPU.ActiveCfg = Release|Any CPU
		{5653CE0D-2DED-441F-BD64-336B99CF895A}.Release|Any CPU.Build.0 = Release|Any CPU
	EndGlobalSection
	GlobalSection(SolutionProperties) = preSolution
		HideSolutionNode = FALSE
	EndGlobalSection
	GlobalSection(ExtensibilityGlobals) = postSolution
		SolutionGuid = {2733A0A5-16A4-49E1-9E81-E37380F2D896}
	EndGlobalSection
EndGlobal
